
Microsoft Visual Studio Solution File, Format Version 12.00
# Visual Studio Version 16
VisualStudioVersion = 16.0.30621.155
MinimumVisualStudioVersion = 10.0.40219.1
Project("{FAE04EC0-301F-11D3-BF4B-00C04F79EFBC}") = "HousingEstateConsole", "HousingEstateConsole\HousingEstateConsole.csproj", "{BD0C0095-AD76-4A18-838F-1FB603B325A1}"
EndProject
Global
	GlobalSection(SolutionConfigurationPlatforms) = preSolution
		Debug|Any CPU = Debug|Any CPU
		Release|Any CPU = Release|Any CPU
	EndGlobalSection
	GlobalSection(ProjectConfigurationPlatforms) = postSolution
		{BD0C0095-AD76-4A18-838F-1FB603B325A1}.Debug|Any CPU.ActiveCfg = Debug|Any CPU
		{BD0C0095-AD76-4A18-838F-1FB603B325A1}.Debug|Any CPU.Build.0 = Debug|Any CPU
		{BD0C0095-AD76-4A18-838F-1FB603B325A1}.Release|Any CPU.ActiveCfg = Release|Any CPU
		{BD0C0095-AD76-4A18-838F-1FB603B325A1}.Release|Any CPU.Build.0 = Release|Any CPU
	EndGlobalSection
	GlobalSection(SolutionProperties) = preSolution
		HideSolutionNode = FALSE
	EndGlobalSection
	GlobalSection(ExtensibilityGlobals) = postSolution
		SolutionGuid = {97271C14-7B02-4AA9-B555-81D6F996C12A}
	EndGlobalSection
EndGlobal
